
Microsoft Visual Studio Solution File, Format Version 12.00
# Visual Studio 2013
VisualStudioVersion = 12.0.31101.0
MinimumVisualStudioVersion = 10.0.40219.1
Project("{8BC9CEB8-8B4A-11D0-8D11-00A0C91BC942}") = "OpenGLSample", "OpenGLSample\OpenGLSample.vcxproj", "{792C7CF8-494E-47AA-A0DE-80F6DD15ACE8}"
EndProject
Global
	GlobalSection(SolutionConfigurationPlatforms) = preSolution
		Debug|Win32 = Debug|Win32
		Release|Win32 = Release|Win32
	EndGlobalSection
	GlobalSection(ProjectConfigurationPlatforms) = postSolution
		{792C7CF8-494E-47AA-A0DE-80F6DD15ACE8}.Debug|Win32.ActiveCfg = Debug|Win32
		{792C7CF8-494E-47AA-A0DE-80F6DD15ACE8}.Debug|Win32.Build.0 = Debug|Win32
		{792C7CF8-494E-47AA-A0DE-80F6DD15ACE8}.Release|Win32.ActiveCfg = Release|Win32
		{792C7CF8-494E-47AA-A0DE-80F6DD15ACE8}.Release|Win32.Build.0 = Release|Win32
	EndGlobalSection
	GlobalSection(SolutionProperties) = preSolution
		HideSolutionNode = FALSE
	EndGlobalSection
EndGlobal
